
Microsoft Visual Studio Solution File, Format Version 12.00
# Visual Studio Version 17
VisualStudioVersion = 17.6.33829.357
MinimumVisualStudioVersion = 10.0.40219.1
Project("{2150E333-8FDC-42A3-9474-1A3956D46DE8}") = "src", "src", "{A5FA8777-F3E9-45AE-8E13-FF928829738A}"
EndProject
Project("{2150E333-8FDC-42A3-9474-1A3956D46DE8}") = "App", "App", "{0E73164F-E32B-4212-AA5A-17D1AD46B82B}"
EndProject
Project("{2150E333-8FDC-42A3-9474-1A3956D46DE8}") = "Libraries", "Libraries", "{4BDC079F-304A-4B41-B51B-0EF9157367C5}"
EndProject
Project("{2150E333-8FDC-42A3-9474-1A3956D46DE8}") = "Domain", "Domain", "{05DC0AA7-6431-4257-9B31-5917A8692F86}"
EndProject
Project("{2150E333-8FDC-42A3-9474-1A3956D46DE8}") = "Infrustracture", "Infrustracture", "{014E86C6-1B3C-4D01-9207-B80A556A5B0E}"
EndProject
Project("{9A19103F-16F7-4668-BE54-9A1E7A4F7556}") = "FirstApp.Model", "src\Libraries\Domain\FirstApp.Model\FirstApp.Model.csproj", "{AAAD7CD8-C3D2-4202-9167-E71AF30F085E}"
EndProject
Project("{9A19103F-16F7-4668-BE54-9A1E7A4F7556}") = "FirstApp.Repositories", "src\Libraries\Domain\FirstApp.Repositories\FirstApp.Repositories.csproj", "{B24F0780-4E03-48EB-AF22-39EE483A9156}"
EndProject
Project("{9A19103F-16F7-4668-BE54-9A1E7A4F7556}") = "FirstApp.Shared", "src\Libraries\Domain\FirstApp.Shared\FirstApp.Shared.csproj", "{138EBE9F-0364-4BB1-AE22-B4D1FAA537C4}"
EndProject
Project("{9A19103F-16F7-4668-BE54-9A1E7A4F7556}") = "FirstApp.Core", "src\Libraries\Infrustracture\FirstApp.Core\FirstApp.Core.csproj", "{A94D21F7-9F58-483D-A203-4B20F9877BAA}"
EndProject
Project("{9A19103F-16F7-4668-BE54-9A1E7A4F7556}") = "FirstApp.Infrustracture", "src\Libraries\Infrustracture\FirstApp.Infrustracture\FirstApp.Infrustracture.csproj", "{0C45F597-EE90-43EE-9194-03BB64296D0C}"
EndProject
Project("{9A19103F-16F7-4668-BE54-9A1E7A4F7556}") = "FirstApp.Ioc.Configuration", "src\Libraries\Infrustracture\FirstApp.Ioc.Configuration\FirstApp.Ioc.Configuration.csproj", "{1215A488-3079-4FCD-BB4C-C4C321F296D6}"
EndProject
Project("{9A19103F-16F7-4668-BE54-9A1E7A4F7556}") = "FirstApp.Service.Repository", "src\Libraries\Infrustracture\FirstApp.Service.Repository\FirstApp.Service.Repository.csproj", "{E075D958-F10B-4F48-BE91-BB75C368C283}"
EndProject
Project("{9A19103F-16F7-4668-BE54-9A1E7A4F7556}") = "FirstApp.Backend", "src\App\FirstApp.Backend\FirstApp.Backend.csproj", "{A2E77196-D5FE-4569-8A21-79AE2D511E40}"
EndProject
Project("{2150E333-8FDC-42A3-9474-1A3956D46DE8}") = "FrontEnd", "FrontEnd", "{C64E2AB4-50C4-41D2-853F-E1D7BE037EF2}"
EndProject
Project("{9A19103F-16F7-4668-BE54-9A1E7A4F7556}") = "FristApp", "src\FrontEnd\FristApp\FristApp.csproj", "{6F576514-FC1E-41C9-85F9-A457C6800F6D}"
EndProject
Global
	GlobalSection(SolutionConfigurationPlatforms) = preSolution
		Debug|Any CPU = Debug|Any CPU
		Release|Any CPU = Release|Any CPU
	EndGlobalSection
	GlobalSection(ProjectConfigurationPlatforms) = postSolution
		{AAAD7CD8-C3D2-4202-9167-E71AF30F085E}.Debug|Any CPU.ActiveCfg = Debug|Any CPU
		{AAAD7CD8-C3D2-4202-9167-E71AF30F085E}.Debug|Any CPU.Build.0 = Debug|Any CPU
		{AAAD7CD8-C3D2-4202-9167-E71AF30F085E}.Release|Any CPU.ActiveCfg = Release|Any CPU
		{AAAD7CD8-C3D2-4202-9167-E71AF30F085E}.Release|Any CPU.Build.0 = Release|Any CPU
		{B24F0780-4E03-48EB-AF22-39EE483A9156}.Debug|Any CPU.ActiveCfg = Debug|Any CPU
		{B24F0780-4E03-48EB-AF22-39EE483A9156}.Debug|Any CPU.Build.0 = Debug|Any CPU
		{B24F0780-4E03-48EB-AF22-39EE483A9156}.Release|Any CPU.ActiveCfg = Release|Any CPU
		{B24F0780-4E03-48EB-AF22-39EE483A9156}.Release|Any CPU.Build.0 = Release|Any CPU
		{138EBE9F-0364-4BB1-AE22-B4D1FAA537C4}.Debug|Any CPU.ActiveCfg = Debug|Any CPU
		{138EBE9F-0364-4BB1-AE22-B4D1FAA537C4}.Debug|Any CPU.Build.0 = Debug|Any CPU
		{138EBE9F-0364-4BB1-AE22-B4D1FAA537C4}.Release|Any CPU.ActiveCfg = Release|Any CPU
		{138EBE9F-0364-4BB1-AE22-B4D1FAA537C4}.Release|Any CPU.Build.0 = Release|Any CPU
		{A94D21F7-9F58-483D-A203-4B20F9877BAA}.Debug|Any CPU.ActiveCfg = Debug|Any CPU
		{A94D21F7-9F58-483D-A203-4B20F9877BAA}.Debug|Any CPU.Build.0 = Debug|Any CPU
		{A94D21F7-9F58-483D-A203-4B20F9877BAA}.Release|Any CPU.ActiveCfg = Release|Any CPU
		{A94D21F7-9F58-483D-A203-4B20F9877BAA}.Release|Any CPU.Build.0 = Release|Any CPU
		{0C45F597-EE90-43EE-9194-03BB64296D0C}.Debug|Any CPU.ActiveCfg = Debug|Any CPU
		{0C45F597-EE90-43EE-9194-03BB64296D0C}.Debug|Any CPU.Build.0 = Debug|Any CPU
		{0C45F597-EE90-43EE-9194-03BB64296D0C}.Release|Any CPU.ActiveCfg = Release|Any CPU
		{0C45F597-EE90-43EE-9194-03BB64296D0C}.Release|Any CPU.Build.0 = Release|Any CPU
		{1215A488-3079-4FCD-BB4C-C4C321F296D6}.Debug|Any CPU.ActiveCfg = Debug|Any CPU
		{1215A488-3079-4FCD-BB4C-C4C321F296D6}.Debug|Any CPU.Build.0 = Debug|Any CPU
		{1215A488-3079-4FCD-BB4C-C4C321F296D6}.Release|Any CPU.ActiveCfg = Release|Any CPU
		{1215A488-3079-4FCD-BB4C-C4C321F296D6}.Release|Any CPU.Build.0 = Release|Any CPU
		{E075D958-F10B-4F48-BE91-BB75C368C283}.Debug|Any CPU.ActiveCfg = Debug|Any CPU
		{E075D958-F10B-4F48-BE91-BB75C368C283}.Debug|Any CPU.Build.0 = Debug|Any CPU
		{E075D958-F10B-4F48-BE91-BB75C368C283}.Release|Any CPU.ActiveCfg = Release|Any CPU
		{E075D958-F10B-4F48-BE91-BB75C368C283}.Release|Any CPU.Build.0 = Release|Any CPU
		{A2E77196-D5FE-4569-8A21-79AE2D511E40}.Debug|Any CPU.ActiveCfg = Debug|Any CPU
		{A2E77196-D5FE-4569-8A21-79AE2D511E40}.Debug|Any CPU.Build.0 = Debug|Any CPU
		{A2E77196-D5FE-4569-8A21-79AE2D511E40}.Release|Any CPU.ActiveCfg = Release|Any CPU
		{A2E77196-D5FE-4569-8A21-79AE2D511E40}.Release|Any CPU.Build.0 = Release|Any CPU
		{6F576514-FC1E-41C9-85F9-A457C6800F6D}.Debug|Any CPU.ActiveCfg = Debug|Any CPU
		{6F576514-FC1E-41C9-85F9-A457C6800F6D}.Debug|Any CPU.Build.0 = Debug|Any CPU
		{6F576514-FC1E-41C9-85F9-A457C6800F6D}.Release|Any CPU.ActiveCfg = Release|Any CPU
		{6F576514-FC1E-41C9-85F9-A457C6800F6D}.Release|Any CPU.Build.0 = Release|Any CPU
	EndGlobalSection
	GlobalSection(SolutionProperties) = preSolution
		HideSolutionNode = FALSE
	EndGlobalSection
	GlobalSection(NestedProjects) = preSolution
		{0E73164F-E32B-4212-AA5A-17D1AD46B82B} = {A5FA8777-F3E9-45AE-8E13-FF928829738A}
		{4BDC079F-304A-4B41-B51B-0EF9157367C5} = {A5FA8777-F3E9-45AE-8E13-FF928829738A}
		{05DC0AA7-6431-4257-9B31-5917A8692F86} = {4BDC079F-304A-4B41-B51B-0EF9157367C5}
		{014E86C6-1B3C-4D01-9207-B80A556A5B0E} = {4BDC079F-304A-4B41-B51B-0EF9157367C5}
		{AAAD7CD8-C3D2-4202-9167-E71AF30F085E} = {05DC0AA7-6431-4257-9B31-5917A8692F86}
		{B24F0780-4E03-48EB-AF22-39EE483A9156} = {05DC0AA7-6431-4257-9B31-5917A8692F86}
		{138EBE9F-0364-4BB1-AE22-B4D1FAA537C4} = {05DC0AA7-6431-4257-9B31-5917A8692F86}
		{A94D21F7-9F58-483D-A203-4B20F9877BAA} = {014E86C6-1B3C-4D01-9207-B80A556A5B0E}
		{0C45F597-EE90-43EE-9194-03BB64296D0C} = {014E86C6-1B3C-4D01-9207-B80A556A5B0E}
		{1215A488-3079-4FCD-BB4C-C4C321F296D6} = {014E86C6-1B3C-4D01-9207-B80A556A5B0E}
		{E075D958-F10B-4F48-BE91-BB75C368C283} = {014E86C6-1B3C-4D01-9207-B80A556A5B0E}
		{A2E77196-D5FE-4569-8A21-79AE2D511E40} = {0E73164F-E32B-4212-AA5A-17D1AD46B82B}
		{C64E2AB4-50C4-41D2-853F-E1D7BE037EF2} = {A5FA8777-F3E9-45AE-8E13-FF928829738A}
		{6F576514-FC1E-41C9-85F9-A457C6800F6D} = {C64E2AB4-50C4-41D2-853F-E1D7BE037EF2}
	EndGlobalSection
	GlobalSection(ExtensibilityGlobals) = postSolution
		SolutionGuid = {FDA41369-185E-42DF-BBAD-5FF4AEBB304B}
	EndGlobalSection
EndGlobal
